<?xml version="1.0" encoding="UTF-8" standalone="yes" ?>
<CodeBlocks_project_file>
	<FileVersion major="1" minor="6" />
	<Project>
		<Option title="PSOZJUT" />
		<Option pch_mode="2" />
		<Option compiler="gcc" />
		<Build>
			<Target title="Debug">
				<Option output="bin/Debug/PSOZJUT" prefix_auto="1" extension_auto="1" />
				<Option object_output="obj/Debug/" />
				<Option type="1" />
				<Option compiler="gcc" />
				<Compiler>
					<Add option="-g" />
					<Add directory="include" />
				</Compiler>
			</Target>
			<Target title="Release">
				<Option output="bin/Release/PSOZJUT" prefix_auto="1" extension_auto="1" />
				<Option object_output="obj/Release/" />
				<Option type="1" />
				<Option compiler="gcc" />
				<Compiler>
					<Add option="-O2" />
					<Add directory="include" />
				</Compiler>
				<Linker>
					<Add option="-s" />
				</Linker>
			</Target>
		</Build>
		<Compiler>
			<Add option="-Wall" />
			<Add option="-fexceptions" />
		</Compiler>
		<Unit filename="IACS.h" />
		<Unit filename="Util/CProgameDoc.cpp" />
		<Unit filename="Util/CRandomgenerator.cpp" />
		<Unit filename="Util/CRandomgenerator.h" />
		<Unit filename="Util/log.cpp" />
		<Unit filename="Util/log.hpp" />
		<Unit filename="Util/nulloutstream.hpp" />
		<Unit filename="Util/prefixedoutstream.cpp" />
		<Unit filename="Util/prefixedoutstream.hpp" />
		<Unit filename="Util/prefixedoutstream_impl.hpp" />
		<Unit filename="include/CEvaluator.h" />
		<Unit filename="include/CPSOEngine.h" />
		<Unit filename="include/CPSOFitnessScaling.h" />
		<Unit filename="include/CPSOParameter.h" />
		<Unit filename="include/CParticle.h" />
		<Unit filename="include/CParticleBool.h" />
		<Unit filename="include/PSOdeclaration.h" />
		<Unit filename="main.cpp" />
		<Unit filename="src/CEvaluator.cpp" />
		<Unit filename="src/CPSOEngine.cpp" />
		<Unit filename="src/CPSOFitnessScaling.cpp" />
		<Unit filename="src/CPSOParameter.cpp" />
		<Unit filename="src/CParticle.cpp" />
		<Unit filename="src/CParticleBool.cpp" />
		<Unit filename="src/PSOdeclaration.cpp" />
		<Extensions>
			<code_completion />
			<envvars />
			<debugger />
		</Extensions>
	</Project>
</CodeBlocks_project_file>
